// !$*UTF8*$!
{
	archiveVersion = 1;
	classes = {
	};
	objectVersion = 46;
	objects = {

/* Begin PBXBuildFile section */
		CE4AA8301571CE690083848A /* UIKit.framework in Frameworks */ = {isa = PBXBuildFile; fileRef = CE4AA82F1571CE690083848A /* UIKit.framework */; };
		CE4AA8321571CE690083848A /* Foundation.framework in Frameworks */ = {isa = PBXBuildFile; fileRef = CE4AA8311571CE690083848A /* Foundation.framework */; };
		CE4AA8341571CE690083848A /* CoreGraphics.framework in Frameworks */ = {isa = PBXBuildFile; fileRef = CE4AA8331571CE690083848A /* CoreGraphics.framework */; };
		CE4AA83A1571CE690083848A /* InfoPlist.strings in Resources */ = {isa = PBXBuildFile; fileRef = CE4AA8381571CE690083848A /* InfoPlist.strings */; };
		CE4AA83C1571CE690083848A /* main.m in Sources */ = {isa = PBXBuildFile; fileRef = CE4AA83B1571CE690083848A /* main.m */; };
		CE4AA8401571CE690083848A /* AppDelegate.m in Sources */ = {isa = PBXBuildFile; fileRef = CE4AA83F1571CE690083848A /* AppDelegate.m */; };
		CE4AA8431571CE690083848A /* ViewController.m in Sources */ = {isa = PBXBuildFile; fileRef = CE4AA8421571CE690083848A /* ViewController.m */; };
		CE4AA8461571CE690083848A /* ViewController_iPhone.xib in Resources */ = {isa = PBXBuildFile; fileRef = CE4AA8441571CE690083848A /* ViewController_iPhone.xib */; };
		CE4AA8491571CE690083848A /* ViewController_iPad.xib in Resources */ = {isa = PBXBuildFile; fileRef = CE4AA8471571CE690083848A /* ViewController_iPad.xib */; };
/* End PBXBuildFile section */

/* Begin PBXFileReference section */
		CE4AA82B1571CE690083848A /* CoreLocationSample-Geocoding.app */ = {isa = PBXFileReference; explicitFileType = wrapper.application; includeInIndex = 0; path = "CoreLocationSample-Geocoding.app"; sourceTree = BUILT_PRODUCTS_DIR; };
		CE4AA82F1571CE690083848A /* UIKit.framework */ = {isa = PBXFileReference; lastKnownFileType = wrapper.framework; name = UIKit.framework; path = System/Library/Frameworks/UIKit.framework; sourceTree = SDKROOT; };
		CE4AA8311571CE690083848A /* Foundation.framework */ = {isa = PBXFileReference; lastKnownFileType = wrapper.framework; name = Foundation.framework; path = System/Library/Frameworks/Foundation.framework; sourceTree = SDKROOT; };
		CE4AA8331571CE690083848A /* CoreGraphics.framework */ = {isa = PBXFileReference; lastKnownFileType = wrapper.framework; name = CoreGraphics.framework; path = System/Library/Frameworks/CoreGraphics.framework; sourceTree = SDKROOT; };
		CE4AA8371571CE690083848A /* CoreLocationSample-Geocoding-Info.plist */ = {isa = PBXFileReference; lastKnownFileType = text.plist.xml; path = "CoreLocationSample-Geocoding-Info.plist"; sourceTree = "<group>"; };
		CE4AA8391571CE690083848A /* en */ = {isa = PBXFileReference; lastKnownFileType = text.plist.strings; name = en; path = en.lproj/InfoPlist.strings; sourceTree = "<group>"; };
		CE4AA83B1571CE690083848A /* main.m */ = {isa = PBXFileReference; lastKnownFileType = sourcecode.c.objc; path = main.m; sourceTree = "<group>"; };
		CE4AA83D1571CE690083848A /* CoreLocationSample-Geocoding-Prefix.pch */ = {isa = PBXFileReference; lastKnownFileType = sourcecode.c.h; path = "CoreLocationSample-Geocoding-Prefix.pch"; sourceTree = "<group>"; };
		CE4AA83E1571CE690083848A /* AppDelegate.h */ = {isa = PBXFileReference; lastKnownFileType = sourcecode.c.h; path = AppDelegate.h; sourceTree = "<group>"; };
		CE4AA83F1571CE690083848A /* AppDelegate.m */ = {isa = PBXFileReference; lastKnownFileType = sourcecode.c.objc; path = AppDelegate.m; sourceTree = "<group>"; };
		CE4AA8411571CE690083848A /* ViewController.h */ = {isa = PBXFileReference; lastKnownFileType = sourcecode.c.h; path = ViewController.h; sourceTree = "<group>"; };
		CE4AA8421571CE690083848A /* ViewController.m */ = {isa = PBXFileReference; lastKnownFileType = sourcecode.c.objc; path = ViewController.m; sourceTree = "<group>"; };
		CE4AA8451571CE690083848A /* en */ = {isa = PBXFileReference; lastKnownFileType = file.xib; name = en; path = en.lproj/ViewController_iPhone.xib; sourceTree = "<group>"; };
		CE4AA8481571CE690083848A /* en */ = {isa = PBXFileReference; lastKnownFileType = file.xib; name = en; path = en.lproj/ViewController_iPad.xib; sourceTree = "<group>"; };
/* End PBXFileReference section */

/* Begin PBXFrameworksBuildPhase section */
		CE4AA8281571CE690083848A /* Frameworks */ = {
			isa = PBXFrameworksBuildPhase;
			buildActionMask = 2147483647;
			files = (
				CE4AA8301571CE690083848A /* UIKit.framework in Frameworks */,
				CE4AA8321571CE690083848A /* Foundation.framework in Frameworks */,
				CE4AA8341571CE690083848A /* CoreGraphics.framework in Frameworks */,
			);
			runOnlyForDeploymentPostprocessing = 0;
		};
/* End PBXFrameworksBuildPhase section */

/* Begin PBXGroup section */
		CE4AA8201571CE680083848A = {
			isa = PBXGroup;
			children = (
				CE4AA8351571CE690083848A /* CoreLocationSample-Geocoding */,
				CE4AA82E1571CE690083848A /* Frameworks */,
				CE4AA82C1571CE690083848A /* Products */,
			);
			sourceTree = "<group>";
		};
		CE4AA82C1571CE690083848A /* Products */ = {
			isa = PBXGroup;
			children = (
				CE4AA82B1571CE690083848A /* CoreLocationSample-Geocoding.app */,
			);
			name = Products;
			sourceTree = "<group>";
		};
		CE4AA82E1571CE690083848A /* Frameworks */ = {
			isa = PBXGroup;
			children = (
				CE4AA82F1571CE690083848A /* UIKit.framework */,
				CE4AA8311571CE690083848A /* Foundation.framework */,
				CE4AA8331571CE690083848A /* CoreGraphics.framework */,
			);
			name = Frameworks;
			sourceTree = "<group>";
		};
		CE4AA8351571CE690083848A /* CoreLocationSample-Geocoding */ = {
			isa = PBXGroup;
			children = (
				CE4AA83E1571CE690083848A /* AppDelegate.h */,
				CE4AA83F1571CE690083848A /* AppDelegate.m */,
				CE4AA8411571CE690083848A /* ViewController.h */,
				CE4AA8421571CE690083848A /* ViewController.m */,
				CE4AA8441571CE690083848A /* ViewController_iPhone.xib */,
				CE4AA8471571CE690083848A /* ViewController_iPad.xib */,
				CE4AA8361571CE690083848A /* Supporting Files */,
			);
			path = "CoreLocationSample-Geocoding";
			sourceTree = "<group>";
		};
		CE4AA8361571CE690083848A /* Supporting Files */ = {
			isa = PBXGroup;
			children = (
				CE4AA8371571CE690083848A /* CoreLocationSample-Geocoding-Info.plist */,
				CE4AA8381571CE690083848A /* InfoPlist.strings */,
				CE4AA83B1571CE690083848A /* main.m */,
				CE4AA83D1571CE690083848A /* CoreLocationSample-Geocoding-Prefix.pch */,
			);
			name = "Supporting Files";
			sourceTree = "<group>";
		};
/* End PBXGroup section */

/* Begin PBXNativeTarget section */
		CE4AA82A1571CE690083848A /* CoreLocationSample-Geocoding */ = {
			isa = PBXNativeTarget;
			buildConfigurationList = CE4AA84C1571CE690083848A /* Build configuration list for PBXNativeTarget "CoreLocationSample-Geocoding" */;
			buildPhases = (
				CE4AA8271571CE690083848A /* Sources */,
				CE4AA8281571CE690083848A /* Frameworks */,
				CE4AA8291571CE690083848A /* Resources */,
			);
			buildRules = (
			);
			dependencies = (
			);
			name = "CoreLocationSample-Geocoding";
			productName = "CoreLocationSample-Geocoding";
			productReference = CE4AA82B1571CE690083848A /* CoreLocationSample-Geocoding.app */;
			productType = "com.apple.product-type.application";
		};
/* End PBXNativeTarget section */

/* Begin PBXProject section */
		CE4AA8221571CE680083848A /* Project object */ = {
			isa = PBXProject;
			attributes = {
				LastUpgradeCheck = 0430;
				ORGANIZATIONNAME = Individual;
			};
			buildConfigurationList = CE4AA8251571CE680083848A /* Build configuration list for PBXProject "CoreLocationSample-Geocoding" */;
			compatibilityVersion = "Xcode 3.2";
			developmentRegion = English;
			hasScannedForEncodings = 0;
			knownRegions = (
				en,
			);
			mainGroup = CE4AA8201571CE680083848A;
			productRefGroup = CE4AA82C1571CE690083848A /* Products */;
			projectDirPath = "";
			projectRoot = "";
			targets = (
				CE4AA82A1571CE690083848A /* CoreLocationSample-Geocoding */,
			);
		};
/* End PBXProject section */

/* Begin PBXResourcesBuildPhase section */
		CE4AA8291571CE690083848A /* Resources */ = {
			isa = PBXResourcesBuildPhase;
			buildActionMask = 2147483647;
			files = (
				CE4AA83A1571CE690083848A /* InfoPlist.strings in Resources */,
				CE4AA8461571CE690083848A /* ViewController_iPhone.xib in Resources */,
				CE4AA8491571CE690083848A /* ViewController_iPad.xib in Resources */,
			);
			runOnlyForDeploymentPostprocessing = 0;
		};
/* End PBXResourcesBuildPhase section */

/* Begin PBXSourcesBuildPhase section */
		CE4AA8271571CE690083848A /* Sources */ = {
			isa = PBXSourcesBuildPhase;
			buildActionMask = 2147483647;
			files = (
				CE4AA83C1571CE690083848A /* main.m in Sources */,
				CE4AA8401571CE690083848A /* AppDelegate.m in Sources */,
				CE4AA8431571CE690083848A /* ViewController.m in Sources */,
			);
			runOnlyForDeploymentPostprocessing = 0;
		};
/* End PBXSourcesBuildPhase section */

/* Begin PBXVariantGroup section */
		CE4AA8381571CE690083848A /* InfoPlist.strings */ = {
			isa = PBXVariantGroup;
			children = (
				CE4AA8391571CE690083848A /* en */,
			);
			name = InfoPlist.strings;
			sourceTree = "<group>";
		};
		CE4AA8441571CE690083848A /* ViewController_iPhone.xib */ = {
			isa = PBXVariantGroup;
			children = (
				CE4AA8451571CE690083848A /* en */,
			);
			name = ViewController_iPhone.xib;
			sourceTree = "<group>";
		};
		CE4AA8471571CE690083848A /* ViewController_iPad.xib */ = {
			isa = PBXVariantGroup;
			children = (
				CE4AA8481571CE690083848A /* en */,
			);
			name = ViewController_iPad.xib;
			sourceTree = "<group>";
		};
/* End PBXVariantGroup section */

/* Begin XCBuildConfiguration section */
		CE4AA84A1571CE690083848A /* Debug */ = {
			isa = XCBuildConfiguration;
			buildSettings = {
				ALWAYS_SEARCH_USER_PATHS = NO;
				ARCHS = "$(ARCHS_STANDARD_32_BIT)";
				"CODE_SIGN_IDENTITY[sdk=iphoneos*]" = "iPhone Developer";
				COPY_PHASE_STRIP = NO;
				GCC_C_LANGUAGE_STANDARD = gnu99;
				GCC_DYNAMIC_NO_PIC = NO;
				GCC_OPTIMIZATION_LEVEL = 0;
				GCC_PREPROCESSOR_DEFINITIONS = (
					"DEBUG=1",
					"$(inherited)",
				);
				GCC_SYMBOLS_PRIVATE_EXTERN = NO;
				GCC_VERSION = com.apple.compilers.llvm.clang.1_0;
				GCC_WARN_ABOUT_RETURN_TYPE = YES;
				GCC_WARN_UNINITIALIZED_AUTOS = YES;
				GCC_WARN_UNUSED_VARIABLE = YES;
				IPHONEOS_DEPLOYMENT_TARGET = 5.1;
				SDKROOT = iphoneos;
				TARGETED_DEVICE_FAMILY = "1,2";
			};
			name = Debug;
		};
		CE4AA84B1571CE690083848A /* Release */ = {
			isa = XCBuildConfiguration;
			buildSettings = {
				ALWAYS_SEARCH_USER_PATHS = NO;
				ARCHS = "$(ARCHS_STANDARD_32_BIT)";
				"CODE_SIGN_IDENTITY[sdk=iphoneos*]" = "iPhone Developer";
				COPY_PHASE_STRIP = YES;
				GCC_C_LANGUAGE_STANDARD = gnu99;
				GCC_VERSION = com.apple.compilers.llvm.clang.1_0;
				GCC_WARN_ABOUT_RETURN_TYPE = YES;
				GCC_WARN_UNINITIALIZED_AUTOS = YES;
				GCC_WARN_UNUSED_VARIABLE = YES;
				IPHONEOS_DEPLOYMENT_TARGET = 5.1;
				OTHER_CFLAGS = "-DNS_BLOCK_ASSERTIONS=1";
				SDKROOT = iphoneos;
				TARGETED_DEVICE_FAMILY = "1,2";
				VALIDATE_PRODUCT = YES;
			};
			name = Release;
		};
		CE4AA84D1571CE690083848A /* Debug */ = {
			isa = XCBuildConfiguration;
			buildSettings = {
				GCC_PRECOMPILE_PREFIX_HEADER = YES;
				GCC_PREFIX_HEADER = "CoreLocationSample-Geocoding/CoreLocationSample-Geocoding-Prefix.pch";
				INFOPLIST_FILE = "CoreLocationSample-Geocoding/CoreLocationSample-Geocoding-Info.plist";
				PRODUCT_NAME = "$(TARGET_NAME)";
				WRAPPER_EXTENSION = app;
			};
			name = Debug;
		};
		CE4AA84E1571CE690083848A /* Release */ = {
			isa = XCBuildConfiguration;
			buildSettings = {
				GCC_PRECOMPILE_PREFIX_HEADER = YES;
				GCC_PREFIX_HEADER = "CoreLocationSample-Geocoding/CoreLocationSample-Geocoding-Prefix.pch";
				INFOPLIST_FILE = "CoreLocationSample-Geocoding/CoreLocationSample-Geocoding-Info.plist";
				PRODUCT_NAME = "$(TARGET_NAME)";
				WRAPPER_EXTENSION = app;
			};
			name = Release;
		};
/* End XCBuildConfiguration section */

/* Begin XCConfigurationList section */
		CE4AA8251571CE680083848A /* Build configuration list for PBXProject "CoreLocationSample-Geocoding" */ = {
			isa = XCConfigurationList;
			buildConfigurations = (
				CE4AA84A1571CE690083848A /* Debug */,
				CE4AA84B1571CE690083848A /* Release */,
			);
			defaultConfigurationIsVisible = 0;
			defaultConfigurationName = Release;
		};
		CE4AA84C1571CE690083848A /* Build configuration list for PBXNativeTarget "CoreLocationSample-Geocoding" */ = {
			isa = XCConfigurationList;
			buildConfigurations = (
				CE4AA84D1571CE690083848A /* Debug */,
				CE4AA84E1571CE690083848A /* Release */,
			);
			defaultConfigurationIsVisible = 0;
		};
/* End XCConfigurationList section */
	};
	rootObject = CE4AA8221571CE680083848A /* Project object */;
}
