// !$*UTF8*$!
{
	archiveVersion = 1;
	classes = {
	};
	objectVersion = 46;
	objects = {

/* Begin PBXBuildFile section */
		CE46E8161573687F0027AFE2 /* UIKit.framework in Frameworks */ = {isa = PBXBuildFile; fileRef = CE46E8151573687F0027AFE2 /* UIKit.framework */; };
		CE46E8181573687F0027AFE2 /* Foundation.framework in Frameworks */ = {isa = PBXBuildFile; fileRef = CE46E8171573687F0027AFE2 /* Foundation.framework */; };
		CE46E81A1573687F0027AFE2 /* CoreGraphics.framework in Frameworks */ = {isa = PBXBuildFile; fileRef = CE46E8191573687F0027AFE2 /* CoreGraphics.framework */; };
		CE46E8201573687F0027AFE2 /* InfoPlist.strings in Resources */ = {isa = PBXBuildFile; fileRef = CE46E81E1573687F0027AFE2 /* InfoPlist.strings */; };
		CE46E8221573687F0027AFE2 /* main.m in Sources */ = {isa = PBXBuildFile; fileRef = CE46E8211573687F0027AFE2 /* main.m */; };
		CE46E8261573687F0027AFE2 /* AppDelegate.m in Sources */ = {isa = PBXBuildFile; fileRef = CE46E8251573687F0027AFE2 /* AppDelegate.m */; };
		CE46E8291573687F0027AFE2 /* ViewController.m in Sources */ = {isa = PBXBuildFile; fileRef = CE46E8281573687F0027AFE2 /* ViewController.m */; };
		CE46E82C1573687F0027AFE2 /* ViewController_iPhone.xib in Resources */ = {isa = PBXBuildFile; fileRef = CE46E82A1573687F0027AFE2 /* ViewController_iPhone.xib */; };
		CE46E82F1573687F0027AFE2 /* ViewController_iPad.xib in Resources */ = {isa = PBXBuildFile; fileRef = CE46E82D1573687F0027AFE2 /* ViewController_iPad.xib */; };
/* End PBXBuildFile section */

/* Begin PBXFileReference section */
		CE46E8111573687F0027AFE2 /* CoreLocationSample-MKReverseGeocoder.app */ = {isa = PBXFileReference; explicitFileType = wrapper.application; includeInIndex = 0; path = "CoreLocationSample-MKReverseGeocoder.app"; sourceTree = BUILT_PRODUCTS_DIR; };
		CE46E8151573687F0027AFE2 /* UIKit.framework */ = {isa = PBXFileReference; lastKnownFileType = wrapper.framework; name = UIKit.framework; path = System/Library/Frameworks/UIKit.framework; sourceTree = SDKROOT; };
		CE46E8171573687F0027AFE2 /* Foundation.framework */ = {isa = PBXFileReference; lastKnownFileType = wrapper.framework; name = Foundation.framework; path = System/Library/Frameworks/Foundation.framework; sourceTree = SDKROOT; };
		CE46E8191573687F0027AFE2 /* CoreGraphics.framework */ = {isa = PBXFileReference; lastKnownFileType = wrapper.framework; name = CoreGraphics.framework; path = System/Library/Frameworks/CoreGraphics.framework; sourceTree = SDKROOT; };
		CE46E81D1573687F0027AFE2 /* CoreLocationSample-MKReverseGeocoder-Info.plist */ = {isa = PBXFileReference; lastKnownFileType = text.plist.xml; path = "CoreLocationSample-MKReverseGeocoder-Info.plist"; sourceTree = "<group>"; };
		CE46E81F1573687F0027AFE2 /* en */ = {isa = PBXFileReference; lastKnownFileType = text.plist.strings; name = en; path = en.lproj/InfoPlist.strings; sourceTree = "<group>"; };
		CE46E8211573687F0027AFE2 /* main.m */ = {isa = PBXFileReference; lastKnownFileType = sourcecode.c.objc; path = main.m; sourceTree = "<group>"; };
		CE46E8231573687F0027AFE2 /* CoreLocationSample-MKReverseGeocoder-Prefix.pch */ = {isa = PBXFileReference; lastKnownFileType = sourcecode.c.h; path = "CoreLocationSample-MKReverseGeocoder-Prefix.pch"; sourceTree = "<group>"; };
		CE46E8241573687F0027AFE2 /* AppDelegate.h */ = {isa = PBXFileReference; lastKnownFileType = sourcecode.c.h; path = AppDelegate.h; sourceTree = "<group>"; };
		CE46E8251573687F0027AFE2 /* AppDelegate.m */ = {isa = PBXFileReference; lastKnownFileType = sourcecode.c.objc; path = AppDelegate.m; sourceTree = "<group>"; };
		CE46E8271573687F0027AFE2 /* ViewController.h */ = {isa = PBXFileReference; lastKnownFileType = sourcecode.c.h; path = ViewController.h; sourceTree = "<group>"; };
		CE46E8281573687F0027AFE2 /* ViewController.m */ = {isa = PBXFileReference; lastKnownFileType = sourcecode.c.objc; path = ViewController.m; sourceTree = "<group>"; };
		CE46E82B1573687F0027AFE2 /* en */ = {isa = PBXFileReference; lastKnownFileType = file.xib; name = en; path = en.lproj/ViewController_iPhone.xib; sourceTree = "<group>"; };
		CE46E82E1573687F0027AFE2 /* en */ = {isa = PBXFileReference; lastKnownFileType = file.xib; name = en; path = en.lproj/ViewController_iPad.xib; sourceTree = "<group>"; };
/* End PBXFileReference section */

/* Begin PBXFrameworksBuildPhase section */
		CE46E80E1573687F0027AFE2 /* Frameworks */ = {
			isa = PBXFrameworksBuildPhase;
			buildActionMask = 2147483647;
			files = (
				CE46E8161573687F0027AFE2 /* UIKit.framework in Frameworks */,
				CE46E8181573687F0027AFE2 /* Foundation.framework in Frameworks */,
				CE46E81A1573687F0027AFE2 /* CoreGraphics.framework in Frameworks */,
			);
			runOnlyForDeploymentPostprocessing = 0;
		};
/* End PBXFrameworksBuildPhase section */

/* Begin PBXGroup section */
		CE46E8061573687F0027AFE2 = {
			isa = PBXGroup;
			children = (
				CE46E81B1573687F0027AFE2 /* CoreLocationSample-MKReverseGeocoder */,
				CE46E8141573687F0027AFE2 /* Frameworks */,
				CE46E8121573687F0027AFE2 /* Products */,
			);
			sourceTree = "<group>";
		};
		CE46E8121573687F0027AFE2 /* Products */ = {
			isa = PBXGroup;
			children = (
				CE46E8111573687F0027AFE2 /* CoreLocationSample-MKReverseGeocoder.app */,
			);
			name = Products;
			sourceTree = "<group>";
		};
		CE46E8141573687F0027AFE2 /* Frameworks */ = {
			isa = PBXGroup;
			children = (
				CE46E8151573687F0027AFE2 /* UIKit.framework */,
				CE46E8171573687F0027AFE2 /* Foundation.framework */,
				CE46E8191573687F0027AFE2 /* CoreGraphics.framework */,
			);
			name = Frameworks;
			sourceTree = "<group>";
		};
		CE46E81B1573687F0027AFE2 /* CoreLocationSample-MKReverseGeocoder */ = {
			isa = PBXGroup;
			children = (
				CE46E8241573687F0027AFE2 /* AppDelegate.h */,
				CE46E8251573687F0027AFE2 /* AppDelegate.m */,
				CE46E8271573687F0027AFE2 /* ViewController.h */,
				CE46E8281573687F0027AFE2 /* ViewController.m */,
				CE46E82A1573687F0027AFE2 /* ViewController_iPhone.xib */,
				CE46E82D1573687F0027AFE2 /* ViewController_iPad.xib */,
				CE46E81C1573687F0027AFE2 /* Supporting Files */,
			);
			path = "CoreLocationSample-MKReverseGeocoder";
			sourceTree = "<group>";
		};
		CE46E81C1573687F0027AFE2 /* Supporting Files */ = {
			isa = PBXGroup;
			children = (
				CE46E81D1573687F0027AFE2 /* CoreLocationSample-MKReverseGeocoder-Info.plist */,
				CE46E81E1573687F0027AFE2 /* InfoPlist.strings */,
				CE46E8211573687F0027AFE2 /* main.m */,
				CE46E8231573687F0027AFE2 /* CoreLocationSample-MKReverseGeocoder-Prefix.pch */,
			);
			name = "Supporting Files";
			sourceTree = "<group>";
		};
/* End PBXGroup section */

/* Begin PBXNativeTarget section */
		CE46E8101573687F0027AFE2 /* CoreLocationSample-MKReverseGeocoder */ = {
			isa = PBXNativeTarget;
			buildConfigurationList = CE46E8321573687F0027AFE2 /* Build configuration list for PBXNativeTarget "CoreLocationSample-MKReverseGeocoder" */;
			buildPhases = (
				CE46E80D1573687F0027AFE2 /* Sources */,
				CE46E80E1573687F0027AFE2 /* Frameworks */,
				CE46E80F1573687F0027AFE2 /* Resources */,
			);
			buildRules = (
			);
			dependencies = (
			);
			name = "CoreLocationSample-MKReverseGeocoder";
			productName = "CoreLocationSample-MKReverseGeocoder";
			productReference = CE46E8111573687F0027AFE2 /* CoreLocationSample-MKReverseGeocoder.app */;
			productType = "com.apple.product-type.application";
		};
/* End PBXNativeTarget section */

/* Begin PBXProject section */
		CE46E8081573687F0027AFE2 /* Project object */ = {
			isa = PBXProject;
			attributes = {
				LastUpgradeCheck = 0430;
				ORGANIZATIONNAME = Individual;
			};
			buildConfigurationList = CE46E80B1573687F0027AFE2 /* Build configuration list for PBXProject "CoreLocationSample-MKReverseGeocoder" */;
			compatibilityVersion = "Xcode 3.2";
			developmentRegion = English;
			hasScannedForEncodings = 0;
			knownRegions = (
				en,
			);
			mainGroup = CE46E8061573687F0027AFE2;
			productRefGroup = CE46E8121573687F0027AFE2 /* Products */;
			projectDirPath = "";
			projectRoot = "";
			targets = (
				CE46E8101573687F0027AFE2 /* CoreLocationSample-MKReverseGeocoder */,
			);
		};
/* End PBXProject section */

/* Begin PBXResourcesBuildPhase section */
		CE46E80F1573687F0027AFE2 /* Resources */ = {
			isa = PBXResourcesBuildPhase;
			buildActionMask = 2147483647;
			files = (
				CE46E8201573687F0027AFE2 /* InfoPlist.strings in Resources */,
				CE46E82C1573687F0027AFE2 /* ViewController_iPhone.xib in Resources */,
				CE46E82F1573687F0027AFE2 /* ViewController_iPad.xib in Resources */,
			);
			runOnlyForDeploymentPostprocessing = 0;
		};
/* End PBXResourcesBuildPhase section */

/* Begin PBXSourcesBuildPhase section */
		CE46E80D1573687F0027AFE2 /* Sources */ = {
			isa = PBXSourcesBuildPhase;
			buildActionMask = 2147483647;
			files = (
				CE46E8221573687F0027AFE2 /* main.m in Sources */,
				CE46E8261573687F0027AFE2 /* AppDelegate.m in Sources */,
				CE46E8291573687F0027AFE2 /* ViewController.m in Sources */,
			);
			runOnlyForDeploymentPostprocessing = 0;
		};
/* End PBXSourcesBuildPhase section */

/* Begin PBXVariantGroup section */
		CE46E81E1573687F0027AFE2 /* InfoPlist.strings */ = {
			isa = PBXVariantGroup;
			children = (
				CE46E81F1573687F0027AFE2 /* en */,
			);
			name = InfoPlist.strings;
			sourceTree = "<group>";
		};
		CE46E82A1573687F0027AFE2 /* ViewController_iPhone.xib */ = {
			isa = PBXVariantGroup;
			children = (
				CE46E82B1573687F0027AFE2 /* en */,
			);
			name = ViewController_iPhone.xib;
			sourceTree = "<group>";
		};
		CE46E82D1573687F0027AFE2 /* ViewController_iPad.xib */ = {
			isa = PBXVariantGroup;
			children = (
				CE46E82E1573687F0027AFE2 /* en */,
			);
			name = ViewController_iPad.xib;
			sourceTree = "<group>";
		};
/* End PBXVariantGroup section */

/* Begin XCBuildConfiguration section */
		CE46E8301573687F0027AFE2 /* Debug */ = {
			isa = XCBuildConfiguration;
			buildSettings = {
				ALWAYS_SEARCH_USER_PATHS = NO;
				ARCHS = "$(ARCHS_STANDARD_32_BIT)";
				"CODE_SIGN_IDENTITY[sdk=iphoneos*]" = "iPhone Developer";
				COPY_PHASE_STRIP = NO;
				GCC_C_LANGUAGE_STANDARD = gnu99;
				GCC_DYNAMIC_NO_PIC = NO;
				GCC_OPTIMIZATION_LEVEL = 0;
				GCC_PREPROCESSOR_DEFINITIONS = (
					"DEBUG=1",
					"$(inherited)",
				);
				GCC_SYMBOLS_PRIVATE_EXTERN = NO;
				GCC_VERSION = com.apple.compilers.llvm.clang.1_0;
				GCC_WARN_ABOUT_RETURN_TYPE = YES;
				GCC_WARN_UNINITIALIZED_AUTOS = YES;
				GCC_WARN_UNUSED_VARIABLE = YES;
				IPHONEOS_DEPLOYMENT_TARGET = 5.1;
				SDKROOT = iphoneos;
				TARGETED_DEVICE_FAMILY = "1,2";
			};
			name = Debug;
		};
		CE46E8311573687F0027AFE2 /* Release */ = {
			isa = XCBuildConfiguration;
			buildSettings = {
				ALWAYS_SEARCH_USER_PATHS = NO;
				ARCHS = "$(ARCHS_STANDARD_32_BIT)";
				"CODE_SIGN_IDENTITY[sdk=iphoneos*]" = "iPhone Developer";
				COPY_PHASE_STRIP = YES;
				GCC_C_LANGUAGE_STANDARD = gnu99;
				GCC_VERSION = com.apple.compilers.llvm.clang.1_0;
				GCC_WARN_ABOUT_RETURN_TYPE = YES;
				GCC_WARN_UNINITIALIZED_AUTOS = YES;
				GCC_WARN_UNUSED_VARIABLE = YES;
				IPHONEOS_DEPLOYMENT_TARGET = 5.1;
				OTHER_CFLAGS = "-DNS_BLOCK_ASSERTIONS=1";
				SDKROOT = iphoneos;
				TARGETED_DEVICE_FAMILY = "1,2";
				VALIDATE_PRODUCT = YES;
			};
			name = Release;
		};
		CE46E8331573687F0027AFE2 /* Debug */ = {
			isa = XCBuildConfiguration;
			buildSettings = {
				GCC_PRECOMPILE_PREFIX_HEADER = YES;
				GCC_PREFIX_HEADER = "CoreLocationSample-MKReverseGeocoder/CoreLocationSample-MKReverseGeocoder-Prefix.pch";
				INFOPLIST_FILE = "CoreLocationSample-MKReverseGeocoder/CoreLocationSample-MKReverseGeocoder-Info.plist";
				PRODUCT_NAME = "$(TARGET_NAME)";
				WRAPPER_EXTENSION = app;
			};
			name = Debug;
		};
		CE46E8341573687F0027AFE2 /* Release */ = {
			isa = XCBuildConfiguration;
			buildSettings = {
				GCC_PRECOMPILE_PREFIX_HEADER = YES;
				GCC_PREFIX_HEADER = "CoreLocationSample-MKReverseGeocoder/CoreLocationSample-MKReverseGeocoder-Prefix.pch";
				INFOPLIST_FILE = "CoreLocationSample-MKReverseGeocoder/CoreLocationSample-MKReverseGeocoder-Info.plist";
				PRODUCT_NAME = "$(TARGET_NAME)";
				WRAPPER_EXTENSION = app;
			};
			name = Release;
		};
/* End XCBuildConfiguration section */

/* Begin XCConfigurationList section */
		CE46E80B1573687F0027AFE2 /* Build configuration list for PBXProject "CoreLocationSample-MKReverseGeocoder" */ = {
			isa = XCConfigurationList;
			buildConfigurations = (
				CE46E8301573687F0027AFE2 /* Debug */,
				CE46E8311573687F0027AFE2 /* Release */,
			);
			defaultConfigurationIsVisible = 0;
			defaultConfigurationName = Release;
		};
		CE46E8321573687F0027AFE2 /* Build configuration list for PBXNativeTarget "CoreLocationSample-MKReverseGeocoder" */ = {
			isa = XCConfigurationList;
			buildConfigurations = (
				CE46E8331573687F0027AFE2 /* Debug */,
				CE46E8341573687F0027AFE2 /* Release */,
			);
			defaultConfigurationIsVisible = 0;
		};
/* End XCConfigurationList section */
	};
	rootObject = CE46E8081573687F0027AFE2 /* Project object */;
}
